
Microsoft Visual Studio Solution File, Format Version 12.00
# Visual Studio Version 16
VisualStudioVersion = 16.0.29709.97
MinimumVisualStudioVersion = 10.0.40219.1
Project("{2150E333-8FDC-42A3-9474-1A3956D46DE8}") = "03 module", "03 module", "{2EFE0007-6AC1-4E4E-B8E5-FD468F602F92}"
EndProject
Project("{2150E333-8FDC-42A3-9474-1A3956D46DE8}") = "01 seminar", "01 seminar", "{9B0C8F58-EF70-4145-804E-63A69586131C}"
EndProject
Project("{FAE04EC0-301F-11D3-BF4B-00C04F79EFBC}") = "task 1", "task 1\task 1.csproj", "{E559D131-2CB2-4F24-B601-7483325A67A4}"
EndProject
Project("{FAE04EC0-301F-11D3-BF4B-00C04F79EFBC}") = "task 2", "task2\task 2.csproj", "{A565CF45-47FD-4A59-889C-B615C0FA8C17}"
EndProject
Project("{2150E333-8FDC-42A3-9474-1A3956D46DE8}") = "task1", "task1", "{6B4C38C6-1541-4B5D-9FA7-CB7DA2E00023}"
EndProject
Project("{2150E333-8FDC-42A3-9474-1A3956D46DE8}") = "task2", "task2", "{F23E8AAB-51F8-4AAE-A271-0D809BBCDAFD}"
EndProject
Project("{FAE04EC0-301F-11D3-BF4B-00C04F79EFBC}") = "libra", "libr\libra.csproj", "{0E12032D-0B5F-49D7-9C9B-D5EE32A6702B}"
EndProject
Global
	GlobalSection(SolutionConfigurationPlatforms) = preSolution
		Debug|Any CPU = Debug|Any CPU
		Release|Any CPU = Release|Any CPU
	EndGlobalSection
	GlobalSection(ProjectConfigurationPlatforms) = postSolution
		{E559D131-2CB2-4F24-B601-7483325A67A4}.Debug|Any CPU.ActiveCfg = Debug|Any CPU
		{E559D131-2CB2-4F24-B601-7483325A67A4}.Debug|Any CPU.Build.0 = Debug|Any CPU
		{E559D131-2CB2-4F24-B601-7483325A67A4}.Release|Any CPU.ActiveCfg = Release|Any CPU
		{E559D131-2CB2-4F24-B601-7483325A67A4}.Release|Any CPU.Build.0 = Release|Any CPU
		{A565CF45-47FD-4A59-889C-B615C0FA8C17}.Debug|Any CPU.ActiveCfg = Debug|Any CPU
		{A565CF45-47FD-4A59-889C-B615C0FA8C17}.Debug|Any CPU.Build.0 = Debug|Any CPU
		{A565CF45-47FD-4A59-889C-B615C0FA8C17}.Release|Any CPU.ActiveCfg = Release|Any CPU
		{A565CF45-47FD-4A59-889C-B615C0FA8C17}.Release|Any CPU.Build.0 = Release|Any CPU
		{0E12032D-0B5F-49D7-9C9B-D5EE32A6702B}.Debug|Any CPU.ActiveCfg = Debug|Any CPU
		{0E12032D-0B5F-49D7-9C9B-D5EE32A6702B}.Debug|Any CPU.Build.0 = Debug|Any CPU
		{0E12032D-0B5F-49D7-9C9B-D5EE32A6702B}.Release|Any CPU.ActiveCfg = Release|Any CPU
		{0E12032D-0B5F-49D7-9C9B-D5EE32A6702B}.Release|Any CPU.Build.0 = Release|Any CPU
	EndGlobalSection
	GlobalSection(SolutionProperties) = preSolution
		HideSolutionNode = FALSE
	EndGlobalSection
	GlobalSection(NestedProjects) = preSolution
		{9B0C8F58-EF70-4145-804E-63A69586131C} = {2EFE0007-6AC1-4E4E-B8E5-FD468F602F92}
		{E559D131-2CB2-4F24-B601-7483325A67A4} = {6B4C38C6-1541-4B5D-9FA7-CB7DA2E00023}
		{A565CF45-47FD-4A59-889C-B615C0FA8C17} = {F23E8AAB-51F8-4AAE-A271-0D809BBCDAFD}
		{6B4C38C6-1541-4B5D-9FA7-CB7DA2E00023} = {9B0C8F58-EF70-4145-804E-63A69586131C}
		{F23E8AAB-51F8-4AAE-A271-0D809BBCDAFD} = {9B0C8F58-EF70-4145-804E-63A69586131C}
		{0E12032D-0B5F-49D7-9C9B-D5EE32A6702B} = {F23E8AAB-51F8-4AAE-A271-0D809BBCDAFD}
	EndGlobalSection
	GlobalSection(ExtensibilityGlobals) = postSolution
		SolutionGuid = {764F3D8D-E6C6-44A1-A189-537F505B42F9}
	EndGlobalSection
EndGlobal
